
Microsoft Visual Studio Solution File, Format Version 12.00
# Visual Studio 16
Project("{FAE04EC0-301F-11D3-BF4B-00C04F79EFBC}") = "Assembly-CSharp", "Assembly-CSharp.csproj", "{589E9C38-3A2B-DB69-35AF-EFEBDD185B31}"
EndProject
Project("{FAE04EC0-301F-11D3-BF4B-00C04F79EFBC}") = "Assembly-CSharp-firstpass", "Assembly-CSharp-firstpass.csproj", "{D0BB6CD4-5154-C56E-50BA-BF29425793DE}"
EndProject
Project("{FAE04EC0-301F-11D3-BF4B-00C04F79EFBC}") = "Assembly-CSharp-Editor", "Assembly-CSharp-Editor.csproj", "{830AEC18-9213-3167-7599-9997B42E989D}"
EndProject
Project("{FAE04EC0-301F-11D3-BF4B-00C04F79EFBC}") = "Assembly-CSharp-Editor-firstpass", "Assembly-CSharp-Editor-firstpass.csproj", "{5AB17856-475A-84D0-2B60-23A57A28B515}"
EndProject
Global
	GlobalSection(SolutionConfigurationPlatforms) = preSolution
		Debug|Any CPU = Debug|Any CPU
		Release|Any CPU = Release|Any CPU
	EndGlobalSection
	GlobalSection(ProjectConfigurationPlatforms) = postSolution
		{589E9C38-3A2B-DB69-35AF-EFEBDD185B31}.Debug|Any CPU.ActiveCfg = Debug|Any CPU
		{589E9C38-3A2B-DB69-35AF-EFEBDD185B31}.Debug|Any CPU.Build.0 = Debug|Any CPU
		{589E9C38-3A2B-DB69-35AF-EFEBDD185B31}.Release|Any CPU.ActiveCfg = Release|Any CPU
		{589E9C38-3A2B-DB69-35AF-EFEBDD185B31}.Release|Any CPU.Build.0 = Release|Any CPU
		{D0BB6CD4-5154-C56E-50BA-BF29425793DE}.Debug|Any CPU.ActiveCfg = Debug|Any CPU
		{D0BB6CD4-5154-C56E-50BA-BF29425793DE}.Debug|Any CPU.Build.0 = Debug|Any CPU
		{D0BB6CD4-5154-C56E-50BA-BF29425793DE}.Release|Any CPU.ActiveCfg = Release|Any CPU
		{D0BB6CD4-5154-C56E-50BA-BF29425793DE}.Release|Any CPU.Build.0 = Release|Any CPU
		{830AEC18-9213-3167-7599-9997B42E989D}.Debug|Any CPU.ActiveCfg = Debug|Any CPU
		{830AEC18-9213-3167-7599-9997B42E989D}.Debug|Any CPU.Build.0 = Debug|Any CPU
		{830AEC18-9213-3167-7599-9997B42E989D}.Release|Any CPU.ActiveCfg = Release|Any CPU
		{830AEC18-9213-3167-7599-9997B42E989D}.Release|Any CPU.Build.0 = Release|Any CPU
		{5AB17856-475A-84D0-2B60-23A57A28B515}.Debug|Any CPU.ActiveCfg = Debug|Any CPU
		{5AB17856-475A-84D0-2B60-23A57A28B515}.Debug|Any CPU.Build.0 = Debug|Any CPU
		{5AB17856-475A-84D0-2B60-23A57A28B515}.Release|Any CPU.ActiveCfg = Release|Any CPU
		{5AB17856-475A-84D0-2B60-23A57A28B515}.Release|Any CPU.Build.0 = Release|Any CPU
	EndGlobalSection
	GlobalSection(SolutionProperties) = preSolution
		HideSolutionNode = FALSE
	EndGlobalSection
EndGlobal
